PODS:
  - SJLogger (0.4.0):
    - SJLogger/Core (= 0.4.0)
  - SJLogger/Core (0.4.0)

DEPENDENCIES:
  - SJLogger (from `../`)

EXTERNAL SOURCES:
  SJLogger:
    :path: "../"

SPEC CHECKSUMS:
  SJLogger: 219f3525aef19cbb1e997c57081c2859e9a51e9f

PODFILE CHECKSUM: 1700632e8f2c14a8b2725bef611a38e4dd6226f6

COCOAPODS: 1.16.2
